
Microsoft Visual Studio Solution File, Format Version 12.00
Project("{FAE04EC0-301F-11D3-BF4B-00C04F79EFBC}") = "Task1-1", "Task1-1\Task1-1.csproj", "{39783572-4338-48E5-A867-0D6C878A3846}"
EndProject
Project("{FAE04EC0-301F-11D3-BF4B-00C04F79EFBC}") = "Task1-2", "Task1-2\Task1-2.csproj", "{E2FFCCDA-22D4-4ACE-A711-91BBB5C91133}"
EndProject
Project("{FAE04EC0-301F-11D3-BF4B-00C04F79EFBC}") = "Task1-3", "Task1-3\Task1-3.csproj", "{D0171655-7083-4646-97BE-62EC3B591F75}"
EndProject
Project("{FAE04EC0-301F-11D3-BF4B-00C04F79EFBC}") = "Task2-1", "Task2-1\Task2-1.csproj", "{5B3781F9-090B-4250-B978-2BD84BB45760}"
EndProject
Project("{FAE04EC0-301F-11D3-BF4B-00C04F79EFBC}") = "Task3-0", "Task3-0\Task3-0.csproj", "{3CF90D53-FFB7-4CC1-9899-75616307D45C}"
EndProject
Project("{FAE04EC0-301F-11D3-BF4B-00C04F79EFBC}") = "Task2-2", "Task2-2\Task2-2.csproj", "{88CCB97B-6974-4119-960E-7054B9D01F6D}"
EndProject
Project("{FAE04EC0-301F-11D3-BF4B-00C04F79EFBC}") = "Task3-1", "Task3-1\Task3-1.csproj", "{D842FB79-CEC8-4078-BBDB-EF6761F1FA6E}"
EndProject
Project("{FAE04EC0-301F-11D3-BF4B-00C04F79EFBC}") = "Task3-2", "Task3-2\Task3-2.csproj", "{FD429E6A-AE93-4838-8DF2-48F9A2EC6372}"
EndProject
Global
	GlobalSection(SolutionConfigurationPlatforms) = preSolution
		Debug|Any CPU = Debug|Any CPU
		Release|Any CPU = Release|Any CPU
	EndGlobalSection
	GlobalSection(ProjectConfigurationPlatforms) = postSolution
		{39783572-4338-48E5-A867-0D6C878A3846}.Debug|Any CPU.ActiveCfg = Debug|Any CPU
		{39783572-4338-48E5-A867-0D6C878A3846}.Debug|Any CPU.Build.0 = Debug|Any CPU
		{39783572-4338-48E5-A867-0D6C878A3846}.Release|Any CPU.ActiveCfg = Release|Any CPU
		{39783572-4338-48E5-A867-0D6C878A3846}.Release|Any CPU.Build.0 = Release|Any CPU
		{E2FFCCDA-22D4-4ACE-A711-91BBB5C91133}.Debug|Any CPU.ActiveCfg = Debug|Any CPU
		{E2FFCCDA-22D4-4ACE-A711-91BBB5C91133}.Debug|Any CPU.Build.0 = Debug|Any CPU
		{E2FFCCDA-22D4-4ACE-A711-91BBB5C91133}.Release|Any CPU.ActiveCfg = Release|Any CPU
		{E2FFCCDA-22D4-4ACE-A711-91BBB5C91133}.Release|Any CPU.Build.0 = Release|Any CPU
		{D0171655-7083-4646-97BE-62EC3B591F75}.Debug|Any CPU.ActiveCfg = Debug|Any CPU
		{D0171655-7083-4646-97BE-62EC3B591F75}.Debug|Any CPU.Build.0 = Debug|Any CPU
		{D0171655-7083-4646-97BE-62EC3B591F75}.Release|Any CPU.ActiveCfg = Release|Any CPU
		{D0171655-7083-4646-97BE-62EC3B591F75}.Release|Any CPU.Build.0 = Release|Any CPU
		{5B3781F9-090B-4250-B978-2BD84BB45760}.Debug|Any CPU.ActiveCfg = Debug|Any CPU
		{5B3781F9-090B-4250-B978-2BD84BB45760}.Debug|Any CPU.Build.0 = Debug|Any CPU
		{5B3781F9-090B-4250-B978-2BD84BB45760}.Release|Any CPU.ActiveCfg = Release|Any CPU
		{5B3781F9-090B-4250-B978-2BD84BB45760}.Release|Any CPU.Build.0 = Release|Any CPU
		{3CF90D53-FFB7-4CC1-9899-75616307D45C}.Debug|Any CPU.ActiveCfg = Debug|Any CPU
		{3CF90D53-FFB7-4CC1-9899-75616307D45C}.Debug|Any CPU.Build.0 = Debug|Any CPU
		{3CF90D53-FFB7-4CC1-9899-75616307D45C}.Release|Any CPU.ActiveCfg = Release|Any CPU
		{3CF90D53-FFB7-4CC1-9899-75616307D45C}.Release|Any CPU.Build.0 = Release|Any CPU
		{88CCB97B-6974-4119-960E-7054B9D01F6D}.Debug|Any CPU.ActiveCfg = Debug|Any CPU
		{88CCB97B-6974-4119-960E-7054B9D01F6D}.Debug|Any CPU.Build.0 = Debug|Any CPU
		{88CCB97B-6974-4119-960E-7054B9D01F6D}.Release|Any CPU.ActiveCfg = Release|Any CPU
		{88CCB97B-6974-4119-960E-7054B9D01F6D}.Release|Any CPU.Build.0 = Release|Any CPU
		{D842FB79-CEC8-4078-BBDB-EF6761F1FA6E}.Debug|Any CPU.ActiveCfg = Debug|Any CPU
		{D842FB79-CEC8-4078-BBDB-EF6761F1FA6E}.Debug|Any CPU.Build.0 = Debug|Any CPU
		{D842FB79-CEC8-4078-BBDB-EF6761F1FA6E}.Release|Any CPU.ActiveCfg = Release|Any CPU
		{D842FB79-CEC8-4078-BBDB-EF6761F1FA6E}.Release|Any CPU.Build.0 = Release|Any CPU
		{FD429E6A-AE93-4838-8DF2-48F9A2EC6372}.Debug|Any CPU.ActiveCfg = Debug|Any CPU
		{FD429E6A-AE93-4838-8DF2-48F9A2EC6372}.Debug|Any CPU.Build.0 = Debug|Any CPU
		{FD429E6A-AE93-4838-8DF2-48F9A2EC6372}.Release|Any CPU.ActiveCfg = Release|Any CPU
		{FD429E6A-AE93-4838-8DF2-48F9A2EC6372}.Release|Any CPU.Build.0 = Release|Any CPU
	EndGlobalSection
	GlobalSection(NestedProjects) = preSolution
	EndGlobalSection
EndGlobal
